
Microsoft Visual Studio Solution File, Format Version 12.00
# Visual Studio 15
VisualStudioVersion = 15.0.28307.1267
MinimumVisualStudioVersion = 10.0.40219.1
Project("{FAE04EC0-301F-11D3-BF4B-00C04F79EFBC}") = "OnlineShop", "OnlineShop\OnlineShop.csproj", "{43CA97D3-B3C2-4597-8305-67001CDB1C0A}"
EndProject
Project("{FAE04EC0-301F-11D3-BF4B-00C04F79EFBC}") = "Model", "Model\Model.csproj", "{B3BD83BA-AF1B-4C09-B7B5-877E4DB90FD9}"
EndProject
Global
	GlobalSection(SolutionConfigurationPlatforms) = preSolution
		Debug|Any CPU = Debug|Any CPU
		Release|Any CPU = Release|Any CPU
	EndGlobalSection
	GlobalSection(ProjectConfigurationPlatforms) = postSolution
		{43CA97D3-B3C2-4597-8305-67001CDB1C0A}.Debug|Any CPU.ActiveCfg = Debug|Any CPU
		{43CA97D3-B3C2-4597-8305-67001CDB1C0A}.Debug|Any CPU.Build.0 = Debug|Any CPU
		{43CA97D3-B3C2-4597-8305-67001CDB1C0A}.Release|Any CPU.ActiveCfg = Release|Any CPU
		{43CA97D3-B3C2-4597-8305-67001CDB1C0A}.Release|Any CPU.Build.0 = Release|Any CPU
		{B3BD83BA-AF1B-4C09-B7B5-877E4DB90FD9}.Debug|Any CPU.ActiveCfg = Debug|Any CPU
		{B3BD83BA-AF1B-4C09-B7B5-877E4DB90FD9}.Debug|Any CPU.Build.0 = Debug|Any CPU
		{B3BD83BA-AF1B-4C09-B7B5-877E4DB90FD9}.Release|Any CPU.ActiveCfg = Release|Any CPU
		{B3BD83BA-AF1B-4C09-B7B5-877E4DB90FD9}.Release|Any CPU.Build.0 = Release|Any CPU
	EndGlobalSection
	GlobalSection(SolutionProperties) = preSolution
		HideSolutionNode = FALSE
	EndGlobalSection
	GlobalSection(ExtensibilityGlobals) = postSolution
		SolutionGuid = {9D3322A6-6490-4CA0-994A-A97D142F7ACE}
	EndGlobalSection
EndGlobal
